
Microsoft Visual Studio Solution File, Format Version 12.00
# Visual Studio Version 17
VisualStudioVersion = 17.8.34330.188
MinimumVisualStudioVersion = 10.0.40219.1
Project("{FAE04EC0-301F-11D3-BF4B-00C04F79EFBC}") = "KarYonSistemi", "KarYonSistemi\KarYonSistemi.csproj", "{ED57132B-3B17-4185-8A41-7DA824778C54}"
EndProject
Global
	GlobalSection(SolutionConfigurationPlatforms) = preSolution
		Debug|Any CPU = Debug|Any CPU
		Release|Any CPU = Release|Any CPU
	EndGlobalSection
	GlobalSection(ProjectConfigurationPlatforms) = postSolution
		{ED57132B-3B17-4185-8A41-7DA824778C54}.Debug|Any CPU.ActiveCfg = Debug|Any CPU
		{ED57132B-3B17-4185-8A41-7DA824778C54}.Debug|Any CPU.Build.0 = Debug|Any CPU
		{ED57132B-3B17-4185-8A41-7DA824778C54}.Release|Any CPU.ActiveCfg = Release|Any CPU
		{ED57132B-3B17-4185-8A41-7DA824778C54}.Release|Any CPU.Build.0 = Release|Any CPU
	EndGlobalSection
	GlobalSection(SolutionProperties) = preSolution
		HideSolutionNode = FALSE
	EndGlobalSection
	GlobalSection(ExtensibilityGlobals) = postSolution
		SolutionGuid = {502A65A5-4A82-4B4A-955E-F673CDEF0F35}
	EndGlobalSection
EndGlobal
